
Microsoft Visual Studio Solution File, Format Version 12.00
# Visual Studio 15
VisualStudioVersion = 15.0.28307.1259
MinimumVisualStudioVersion = 10.0.40219.1
Project("{8BC9CEB8-8B4A-11D0-8D11-00A0C91BC942}") = "3.33", "3.33\3.33.vcxproj", "{52CBAC6D-7C2A-4B18-AE4E-F9E0833BAA1F}"
EndProject
Global
	GlobalSection(SolutionConfigurationPlatforms) = preSolution
		Debug|x64 = Debug|x64
		Debug|x86 = Debug|x86
		Release|x64 = Release|x64
		Release|x86 = Release|x86
	EndGlobalSection
	GlobalSection(ProjectConfigurationPlatforms) = postSolution
		{52CBAC6D-7C2A-4B18-AE4E-F9E0833BAA1F}.Debug|x64.ActiveCfg = Debug|x64
		{52CBAC6D-7C2A-4B18-AE4E-F9E0833BAA1F}.Debug|x64.Build.0 = Debug|x64
		{52CBAC6D-7C2A-4B18-AE4E-F9E0833BAA1F}.Debug|x86.ActiveCfg = Debug|Win32
		{52CBAC6D-7C2A-4B18-AE4E-F9E0833BAA1F}.Debug|x86.Build.0 = Debug|Win32
		{52CBAC6D-7C2A-4B18-AE4E-F9E0833BAA1F}.Release|x64.ActiveCfg = Release|x64
		{52CBAC6D-7C2A-4B18-AE4E-F9E0833BAA1F}.Release|x64.Build.0 = Release|x64
		{52CBAC6D-7C2A-4B18-AE4E-F9E0833BAA1F}.Release|x86.ActiveCfg = Release|Win32
		{52CBAC6D-7C2A-4B18-AE4E-F9E0833BAA1F}.Release|x86.Build.0 = Release|Win32
	EndGlobalSection
	GlobalSection(SolutionProperties) = preSolution
		HideSolutionNode = FALSE
	EndGlobalSection
	GlobalSection(ExtensibilityGlobals) = postSolution
		SolutionGuid = {CBD8B737-72B4-4CCB-B800-4DA73ED02013}
	EndGlobalSection
EndGlobal
