
Microsoft Visual Studio Solution File, Format Version 12.00
# Visual Studio 15
VisualStudioVersion = 15.0.28307.1259
MinimumVisualStudioVersion = 10.0.40219.1
Project("{8BC9CEB8-8B4A-11D0-8D11-00A0C91BC942}") = "3.17", "3.17\3.17.vcxproj", "{4B7741E3-A9C7-4C63-8A1F-A2BB903D5E22}"
EndProject
Global
	GlobalSection(SolutionConfigurationPlatforms) = preSolution
		Debug|x64 = Debug|x64
		Debug|x86 = Debug|x86
		Release|x64 = Release|x64
		Release|x86 = Release|x86
	EndGlobalSection
	GlobalSection(ProjectConfigurationPlatforms) = postSolution
		{4B7741E3-A9C7-4C63-8A1F-A2BB903D5E22}.Debug|x64.ActiveCfg = Debug|x64
		{4B7741E3-A9C7-4C63-8A1F-A2BB903D5E22}.Debug|x64.Build.0 = Debug|x64
		{4B7741E3-A9C7-4C63-8A1F-A2BB903D5E22}.Debug|x86.ActiveCfg = Debug|Win32
		{4B7741E3-A9C7-4C63-8A1F-A2BB903D5E22}.Debug|x86.Build.0 = Debug|Win32
		{4B7741E3-A9C7-4C63-8A1F-A2BB903D5E22}.Release|x64.ActiveCfg = Release|x64
		{4B7741E3-A9C7-4C63-8A1F-A2BB903D5E22}.Release|x64.Build.0 = Release|x64
		{4B7741E3-A9C7-4C63-8A1F-A2BB903D5E22}.Release|x86.ActiveCfg = Release|Win32
		{4B7741E3-A9C7-4C63-8A1F-A2BB903D5E22}.Release|x86.Build.0 = Release|Win32
	EndGlobalSection
	GlobalSection(SolutionProperties) = preSolution
		HideSolutionNode = FALSE
	EndGlobalSection
	GlobalSection(ExtensibilityGlobals) = postSolution
		SolutionGuid = {E79EE86A-BC3F-40B9-8101-F7C9423FA92C}
	EndGlobalSection
EndGlobal
